
Microsoft Visual Studio Solution File, Format Version 12.00
# Visual Studio Version 17
VisualStudioVersion = 17.0.32014.148
MinimumVisualStudioVersion = 10.0.40219.1
Project("{FAE04EC0-301F-11D3-BF4B-00C04F79EFBC}") = "Task 1.1.8. NO POSITIVE", "Task 1.1.8. NO POSITIVE\Task 1.1.8. NO POSITIVE.csproj", "{0D54C2D3-F5BC-49A9-B214-FBCA7FC99EF9}"
EndProject
Global
	GlobalSection(SolutionConfigurationPlatforms) = preSolution
		Debug|Any CPU = Debug|Any CPU
		Release|Any CPU = Release|Any CPU
	EndGlobalSection
	GlobalSection(ProjectConfigurationPlatforms) = postSolution
		{0D54C2D3-F5BC-49A9-B214-FBCA7FC99EF9}.Debug|Any CPU.ActiveCfg = Debug|Any CPU
		{0D54C2D3-F5BC-49A9-B214-FBCA7FC99EF9}.Debug|Any CPU.Build.0 = Debug|Any CPU
		{0D54C2D3-F5BC-49A9-B214-FBCA7FC99EF9}.Release|Any CPU.ActiveCfg = Release|Any CPU
		{0D54C2D3-F5BC-49A9-B214-FBCA7FC99EF9}.Release|Any CPU.Build.0 = Release|Any CPU
	EndGlobalSection
	GlobalSection(SolutionProperties) = preSolution
		HideSolutionNode = FALSE
	EndGlobalSection
	GlobalSection(ExtensibilityGlobals) = postSolution
		SolutionGuid = {7F63DF7D-FF83-41BE-98F8-0E21591D4FBA}
	EndGlobalSection
EndGlobal
