
Microsoft Visual Studio Solution File, Format Version 12.00
# Visual Studio Version 17
VisualStudioVersion = 17.0.32014.148
MinimumVisualStudioVersion = 10.0.40219.1
Project("{FAE04EC0-301F-11D3-BF4B-00C04F79EFBC}") = "Task 1.2.2. DOUBLER", "Task 1.2.2. DOUBLER\Task 1.2.2. DOUBLER.csproj", "{67912E93-156A-48BD-9DF7-A99CE8903885}"
EndProject
Global
	GlobalSection(SolutionConfigurationPlatforms) = preSolution
		Debug|Any CPU = Debug|Any CPU
		Release|Any CPU = Release|Any CPU
	EndGlobalSection
	GlobalSection(ProjectConfigurationPlatforms) = postSolution
		{67912E93-156A-48BD-9DF7-A99CE8903885}.Debug|Any CPU.ActiveCfg = Debug|Any CPU
		{67912E93-156A-48BD-9DF7-A99CE8903885}.Debug|Any CPU.Build.0 = Debug|Any CPU
		{67912E93-156A-48BD-9DF7-A99CE8903885}.Release|Any CPU.ActiveCfg = Release|Any CPU
		{67912E93-156A-48BD-9DF7-A99CE8903885}.Release|Any CPU.Build.0 = Release|Any CPU
	EndGlobalSection
	GlobalSection(SolutionProperties) = preSolution
		HideSolutionNode = FALSE
	EndGlobalSection
	GlobalSection(ExtensibilityGlobals) = postSolution
		SolutionGuid = {20AC5E2C-452C-4266-9FCB-27CB7A638500}
	EndGlobalSection
EndGlobal
