
Microsoft Visual Studio Solution File, Format Version 12.00
# Visual Studio Version 17
VisualStudioVersion = 17.0.32014.148
MinimumVisualStudioVersion = 10.0.40219.1
Project("{FAE04EC0-301F-11D3-BF4B-00C04F79EFBC}") = "1.1.3. ANOTHER TRIANGLE", "1.1.3. ANOTHER TRIANGLE\1.1.3. ANOTHER TRIANGLE.csproj", "{76C2B571-B499-4DD8-959E-EE0513F4B190}"
EndProject
Global
	GlobalSection(SolutionConfigurationPlatforms) = preSolution
		Debug|Any CPU = Debug|Any CPU
		Release|Any CPU = Release|Any CPU
	EndGlobalSection
	GlobalSection(ProjectConfigurationPlatforms) = postSolution
		{76C2B571-B499-4DD8-959E-EE0513F4B190}.Debug|Any CPU.ActiveCfg = Debug|Any CPU
		{76C2B571-B499-4DD8-959E-EE0513F4B190}.Debug|Any CPU.Build.0 = Debug|Any CPU
		{76C2B571-B499-4DD8-959E-EE0513F4B190}.Release|Any CPU.ActiveCfg = Release|Any CPU
		{76C2B571-B499-4DD8-959E-EE0513F4B190}.Release|Any CPU.Build.0 = Release|Any CPU
	EndGlobalSection
	GlobalSection(SolutionProperties) = preSolution
		HideSolutionNode = FALSE
	EndGlobalSection
	GlobalSection(ExtensibilityGlobals) = postSolution
		SolutionGuid = {45185D53-8362-482C-B04B-EB806D6E8E61}
	EndGlobalSection
EndGlobal
