
Microsoft Visual Studio Solution File, Format Version 12.00
# Visual Studio Version 17
VisualStudioVersion = 17.0.32014.148
MinimumVisualStudioVersion = 10.0.40219.1
Project("{FAE04EC0-301F-11D3-BF4B-00C04F79EFBC}") = "Task 1.1.2", "Task 1.1.2\Task 1.1.2.csproj", "{27891A35-9F12-4AB3-B678-6176F364A15F}"
EndProject
Global
	GlobalSection(SolutionConfigurationPlatforms) = preSolution
		Debug|Any CPU = Debug|Any CPU
		Release|Any CPU = Release|Any CPU
	EndGlobalSection
	GlobalSection(ProjectConfigurationPlatforms) = postSolution
		{27891A35-9F12-4AB3-B678-6176F364A15F}.Debug|Any CPU.ActiveCfg = Debug|Any CPU
		{27891A35-9F12-4AB3-B678-6176F364A15F}.Debug|Any CPU.Build.0 = Debug|Any CPU
		{27891A35-9F12-4AB3-B678-6176F364A15F}.Release|Any CPU.ActiveCfg = Release|Any CPU
		{27891A35-9F12-4AB3-B678-6176F364A15F}.Release|Any CPU.Build.0 = Release|Any CPU
	EndGlobalSection
	GlobalSection(SolutionProperties) = preSolution
		HideSolutionNode = FALSE
	EndGlobalSection
	GlobalSection(ExtensibilityGlobals) = postSolution
		SolutionGuid = {0C59CA8F-BFBE-41A1-BC10-03BB519F0CFB}
	EndGlobalSection
EndGlobal
