
Microsoft Visual Studio Solution File, Format Version 12.00
# Visual Studio Version 17
VisualStudioVersion = 17.0.32014.148
MinimumVisualStudioVersion = 10.0.40219.1
Project("{FAE04EC0-301F-11D3-BF4B-00C04F79EFBC}") = "Task 2.2.1. GAME", "Task 2.2.1. GAME\Task 2.2.1. GAME.csproj", "{782FC425-D63C-47BB-98B9-62F25CD9EACA}"
EndProject
Global
	GlobalSection(SolutionConfigurationPlatforms) = preSolution
		Debug|Any CPU = Debug|Any CPU
		Release|Any CPU = Release|Any CPU
	EndGlobalSection
	GlobalSection(ProjectConfigurationPlatforms) = postSolution
		{782FC425-D63C-47BB-98B9-62F25CD9EACA}.Debug|Any CPU.ActiveCfg = Debug|Any CPU
		{782FC425-D63C-47BB-98B9-62F25CD9EACA}.Debug|Any CPU.Build.0 = Debug|Any CPU
		{782FC425-D63C-47BB-98B9-62F25CD9EACA}.Release|Any CPU.ActiveCfg = Release|Any CPU
		{782FC425-D63C-47BB-98B9-62F25CD9EACA}.Release|Any CPU.Build.0 = Release|Any CPU
	EndGlobalSection
	GlobalSection(SolutionProperties) = preSolution
		HideSolutionNode = FALSE
	EndGlobalSection
	GlobalSection(ExtensibilityGlobals) = postSolution
		SolutionGuid = {28ADB013-9324-49D1-A861-CBF7E452F229}
	EndGlobalSection
EndGlobal
