
Microsoft Visual Studio Solution File, Format Version 12.00
# Visual Studio Version 17
VisualStudioVersion = 17.0.32014.148
MinimumVisualStudioVersion = 10.0.40219.1
Project("{FAE04EC0-301F-11D3-BF4B-00C04F79EFBC}") = "Task 1.2.3. LOWERCASE", "Task 1.2.3. LOWERCASE\Task 1.2.3. LOWERCASE.csproj", "{3340B7BE-97F8-4B7D-893E-F234B9E55CC4}"
EndProject
Global
	GlobalSection(SolutionConfigurationPlatforms) = preSolution
		Debug|Any CPU = Debug|Any CPU
		Release|Any CPU = Release|Any CPU
	EndGlobalSection
	GlobalSection(ProjectConfigurationPlatforms) = postSolution
		{3340B7BE-97F8-4B7D-893E-F234B9E55CC4}.Debug|Any CPU.ActiveCfg = Debug|Any CPU
		{3340B7BE-97F8-4B7D-893E-F234B9E55CC4}.Debug|Any CPU.Build.0 = Debug|Any CPU
		{3340B7BE-97F8-4B7D-893E-F234B9E55CC4}.Release|Any CPU.ActiveCfg = Release|Any CPU
		{3340B7BE-97F8-4B7D-893E-F234B9E55CC4}.Release|Any CPU.Build.0 = Release|Any CPU
	EndGlobalSection
	GlobalSection(SolutionProperties) = preSolution
		HideSolutionNode = FALSE
	EndGlobalSection
	GlobalSection(ExtensibilityGlobals) = postSolution
		SolutionGuid = {115B84CE-6131-4181-8241-0FDBC1CFA38E}
	EndGlobalSection
EndGlobal
