
Microsoft Visual Studio Solution File, Format Version 12.00
# Visual Studio Version 17
VisualStudioVersion = 17.0.32014.148
MinimumVisualStudioVersion = 10.0.40219.1
Project("{FAE04EC0-301F-11D3-BF4B-00C04F79EFBC}") = "Task 1.2.1. AVERAGES", "Task 1.2.1. AVERAGES\Task 1.2.1. AVERAGES.csproj", "{261E08E5-76FD-4092-8961-34C2A9408796}"
EndProject
Global
	GlobalSection(SolutionConfigurationPlatforms) = preSolution
		Debug|Any CPU = Debug|Any CPU
		Release|Any CPU = Release|Any CPU
	EndGlobalSection
	GlobalSection(ProjectConfigurationPlatforms) = postSolution
		{261E08E5-76FD-4092-8961-34C2A9408796}.Debug|Any CPU.ActiveCfg = Debug|Any CPU
		{261E08E5-76FD-4092-8961-34C2A9408796}.Debug|Any CPU.Build.0 = Debug|Any CPU
		{261E08E5-76FD-4092-8961-34C2A9408796}.Release|Any CPU.ActiveCfg = Release|Any CPU
		{261E08E5-76FD-4092-8961-34C2A9408796}.Release|Any CPU.Build.0 = Release|Any CPU
	EndGlobalSection
	GlobalSection(SolutionProperties) = preSolution
		HideSolutionNode = FALSE
	EndGlobalSection
	GlobalSection(ExtensibilityGlobals) = postSolution
		SolutionGuid = {F7EF7268-4CBC-4B50-AE06-80CD3C68B002}
	EndGlobalSection
EndGlobal
